
Microsoft Visual Studio Solution File, Format Version 12.00
# Visual Studio Version 16
VisualStudioVersion = 16.0.30330.147
MinimumVisualStudioVersion = 10.0.40219.1
Project("{FAE04EC0-301F-11D3-BF4B-00C04F79EFBC}") = "MTRFunderConnector", "MTRFunderConnector\MTRFunderConnector.csproj", "{78D853E9-5D62-4D8D-B61B-7541E38F063B}"
EndProject
Project("{FAE04EC0-301F-11D3-BF4B-00C04F79EFBC}") = "MTRFunderConnector.Model", "MTRFunderConnector.Model\MTRFunderConnector.Model.csproj", "{7CB1D8FC-F068-4ED0-A74B-E02802B9B600}"
EndProject
Global
	GlobalSection(SolutionConfigurationPlatforms) = preSolution
		Debug|Any CPU = Debug|Any CPU
		Release|Any CPU = Release|Any CPU
	EndGlobalSection
	GlobalSection(ProjectConfigurationPlatforms) = postSolution
		{78D853E9-5D62-4D8D-B61B-7541E38F063B}.Debug|Any CPU.ActiveCfg = Debug|Any CPU
		{78D853E9-5D62-4D8D-B61B-7541E38F063B}.Debug|Any CPU.Build.0 = Debug|Any CPU
		{78D853E9-5D62-4D8D-B61B-7541E38F063B}.Release|Any CPU.ActiveCfg = Release|Any CPU
		{78D853E9-5D62-4D8D-B61B-7541E38F063B}.Release|Any CPU.Build.0 = Release|Any CPU
		{7CB1D8FC-F068-4ED0-A74B-E02802B9B600}.Debug|Any CPU.ActiveCfg = Debug|Any CPU
		{7CB1D8FC-F068-4ED0-A74B-E02802B9B600}.Debug|Any CPU.Build.0 = Debug|Any CPU
		{7CB1D8FC-F068-4ED0-A74B-E02802B9B600}.Release|Any CPU.ActiveCfg = Release|Any CPU
		{7CB1D8FC-F068-4ED0-A74B-E02802B9B600}.Release|Any CPU.Build.0 = Release|Any CPU
	EndGlobalSection
	GlobalSection(SolutionProperties) = preSolution
		HideSolutionNode = FALSE
	EndGlobalSection
	GlobalSection(ExtensibilityGlobals) = postSolution
		SolutionGuid = {4E98361C-BAB6-4914-AD0A-1B72A0CCFEE5}
	EndGlobalSection
EndGlobal
